
Microsoft Visual Studio Solution File, Format Version 12.00
# Visual Studio Version 16
VisualStudioVersion = 16.0.31019.35
MinimumVisualStudioVersion = 10.0.40219.1
Project("{FAE04EC0-301F-11D3-BF4B-00C04F79EFBC}") = "ConsoleAppLearn", "ConsoleAppLearn\ConsoleAppLearn.csproj", "{E707C50E-ABBA-490D-9F37-B6FEBF2248A3}"
EndProject
Global
	GlobalSection(SolutionConfigurationPlatforms) = preSolution
		Debug|Any CPU = Debug|Any CPU
		Release|Any CPU = Release|Any CPU
	EndGlobalSection
	GlobalSection(ProjectConfigurationPlatforms) = postSolution
		{E707C50E-ABBA-490D-9F37-B6FEBF2248A3}.Debug|Any CPU.ActiveCfg = Debug|Any CPU
		{E707C50E-ABBA-490D-9F37-B6FEBF2248A3}.Debug|Any CPU.Build.0 = Debug|Any CPU
		{E707C50E-ABBA-490D-9F37-B6FEBF2248A3}.Release|Any CPU.ActiveCfg = Release|Any CPU
		{E707C50E-ABBA-490D-9F37-B6FEBF2248A3}.Release|Any CPU.Build.0 = Release|Any CPU
	EndGlobalSection
	GlobalSection(SolutionProperties) = preSolution
		HideSolutionNode = FALSE
	EndGlobalSection
	GlobalSection(ExtensibilityGlobals) = postSolution
		SolutionGuid = {BE40662F-0B3D-4B8B-AFA8-9CE8F594019E}
	EndGlobalSection
EndGlobal
